
Microsoft Visual Studio Solution File, Format Version 12.00
# Visual Studio Version 17
VisualStudioVersion = 17.8.34316.72
MinimumVisualStudioVersion = 10.0.40219.1
Project("{9A19103F-16F7-4668-BE54-9A1E7A4F7556}") = "Linq_Basics", "Linq_Basics\Linq_Basics.csproj", "{C51FE230-08F4-4736-AF61-366755F44E0E}"
EndProject
Project("{2150E333-8FDC-42A3-9474-1A3956D46DE8}") = "Introduction to Linq", "Introduction to Linq", "{FD7256D4-5254-4857-ADFD-E1E3D9D7EA79}"
EndProject
Project("{9A19103F-16F7-4668-BE54-9A1E7A4F7556}") = "Lambda_Expressions", "Lambda_Expressions\Lambda_Expressions.csproj", "{9D8553F5-FF90-4CD6-BCB5-2A59C9D04071}"
EndProject
Project("{9A19103F-16F7-4668-BE54-9A1E7A4F7556}") = "Extension_Methods", "Extension_Methods\Extension_Methods.csproj", "{967A147A-7EEA-4A0C-9E47-3193F88A5E07}"
EndProject
Project("{9A19103F-16F7-4668-BE54-9A1E7A4F7556}") = "IEnumerable_Of_T_Type", "IEnumerable_Of_T_Type\IEnumerable_Of_T_Type.csproj", "{222F052B-8EDE-4FB5-B1CC-86A4F2092D21}"
EndProject
Project("{9A19103F-16F7-4668-BE54-9A1E7A4F7556}") = "Defered_Execution_Of_Linq", "Defered_Execution_Of_Linq\Defered_Execution_Of_Linq.csproj", "{29D58938-1529-4469-A8D2-06E445035541}"
EndProject
Project("{9A19103F-16F7-4668-BE54-9A1E7A4F7556}") = "Method_Sintax_vs_Query_Sintax", "Method_Sintax_vs_Query_Sintax\Method_Sintax_vs_Query_Sintax.csproj", "{D5A42012-8860-4EAA-B579-E8D3DFAA87B2}"
EndProject
Project("{2150E333-8FDC-42A3-9474-1A3956D46DE8}") = "LINQ_Types", "LINQ_Types", "{54C977CE-1788-4547-9B15-E4D44FF938E1}"
EndProject
Project("{9A19103F-16F7-4668-BE54-9A1E7A4F7556}") = "Linq_Types", "Linq_Types\Linq_Types.csproj", "{88657142-4F13-4569-90A6-402A660F20DF}"
EndProject
Project("{2150E333-8FDC-42A3-9474-1A3956D46DE8}") = "Query_Sintax", "Query_Sintax", "{ED4F03A1-F126-4716-B6D5-CC7A74C11A46}"
EndProject
Project("{FAE04EC0-301F-11D3-BF4B-00C04F79EFBC}") = "QuerySyntax", "QuerySyntax\QuerySyntax.csproj", "{C7D2C3DA-92B8-4147-AE25-9D7266370DBB}"
EndProject
Global
	GlobalSection(SolutionConfigurationPlatforms) = preSolution
		Debug|Any CPU = Debug|Any CPU
		Release|Any CPU = Release|Any CPU
	EndGlobalSection
	GlobalSection(ProjectConfigurationPlatforms) = postSolution
		{C51FE230-08F4-4736-AF61-366755F44E0E}.Debug|Any CPU.ActiveCfg = Debug|Any CPU
		{C51FE230-08F4-4736-AF61-366755F44E0E}.Debug|Any CPU.Build.0 = Debug|Any CPU
		{C51FE230-08F4-4736-AF61-366755F44E0E}.Release|Any CPU.ActiveCfg = Release|Any CPU
		{C51FE230-08F4-4736-AF61-366755F44E0E}.Release|Any CPU.Build.0 = Release|Any CPU
		{9D8553F5-FF90-4CD6-BCB5-2A59C9D04071}.Debug|Any CPU.ActiveCfg = Debug|Any CPU
		{9D8553F5-FF90-4CD6-BCB5-2A59C9D04071}.Debug|Any CPU.Build.0 = Debug|Any CPU
		{9D8553F5-FF90-4CD6-BCB5-2A59C9D04071}.Release|Any CPU.ActiveCfg = Release|Any CPU
		{9D8553F5-FF90-4CD6-BCB5-2A59C9D04071}.Release|Any CPU.Build.0 = Release|Any CPU
		{967A147A-7EEA-4A0C-9E47-3193F88A5E07}.Debug|Any CPU.ActiveCfg = Debug|Any CPU
		{967A147A-7EEA-4A0C-9E47-3193F88A5E07}.Debug|Any CPU.Build.0 = Debug|Any CPU
		{967A147A-7EEA-4A0C-9E47-3193F88A5E07}.Release|Any CPU.ActiveCfg = Release|Any CPU
		{967A147A-7EEA-4A0C-9E47-3193F88A5E07}.Release|Any CPU.Build.0 = Release|Any CPU
		{222F052B-8EDE-4FB5-B1CC-86A4F2092D21}.Debug|Any CPU.ActiveCfg = Debug|Any CPU
		{222F052B-8EDE-4FB5-B1CC-86A4F2092D21}.Debug|Any CPU.Build.0 = Debug|Any CPU
		{222F052B-8EDE-4FB5-B1CC-86A4F2092D21}.Release|Any CPU.ActiveCfg = Release|Any CPU
		{222F052B-8EDE-4FB5-B1CC-86A4F2092D21}.Release|Any CPU.Build.0 = Release|Any CPU
		{29D58938-1529-4469-A8D2-06E445035541}.Debug|Any CPU.ActiveCfg = Debug|Any CPU
		{29D58938-1529-4469-A8D2-06E445035541}.Debug|Any CPU.Build.0 = Debug|Any CPU
		{29D58938-1529-4469-A8D2-06E445035541}.Release|Any CPU.ActiveCfg = Release|Any CPU
		{29D58938-1529-4469-A8D2-06E445035541}.Release|Any CPU.Build.0 = Release|Any CPU
		{D5A42012-8860-4EAA-B579-E8D3DFAA87B2}.Debug|Any CPU.ActiveCfg = Debug|Any CPU
		{D5A42012-8860-4EAA-B579-E8D3DFAA87B2}.Debug|Any CPU.Build.0 = Debug|Any CPU
		{D5A42012-8860-4EAA-B579-E8D3DFAA87B2}.Release|Any CPU.ActiveCfg = Release|Any CPU
		{D5A42012-8860-4EAA-B579-E8D3DFAA87B2}.Release|Any CPU.Build.0 = Release|Any CPU
		{88657142-4F13-4569-90A6-402A660F20DF}.Debug|Any CPU.ActiveCfg = Debug|Any CPU
		{88657142-4F13-4569-90A6-402A660F20DF}.Debug|Any CPU.Build.0 = Debug|Any CPU
		{88657142-4F13-4569-90A6-402A660F20DF}.Release|Any CPU.ActiveCfg = Release|Any CPU
		{88657142-4F13-4569-90A6-402A660F20DF}.Release|Any CPU.Build.0 = Release|Any CPU
		{C7D2C3DA-92B8-4147-AE25-9D7266370DBB}.Debug|Any CPU.ActiveCfg = Debug|Any CPU
		{C7D2C3DA-92B8-4147-AE25-9D7266370DBB}.Debug|Any CPU.Build.0 = Debug|Any CPU
		{C7D2C3DA-92B8-4147-AE25-9D7266370DBB}.Release|Any CPU.ActiveCfg = Release|Any CPU
		{C7D2C3DA-92B8-4147-AE25-9D7266370DBB}.Release|Any CPU.Build.0 = Release|Any CPU
	EndGlobalSection
	GlobalSection(SolutionProperties) = preSolution
		HideSolutionNode = FALSE
	EndGlobalSection
	GlobalSection(NestedProjects) = preSolution
		{C51FE230-08F4-4736-AF61-366755F44E0E} = {FD7256D4-5254-4857-ADFD-E1E3D9D7EA79}
		{9D8553F5-FF90-4CD6-BCB5-2A59C9D04071} = {FD7256D4-5254-4857-ADFD-E1E3D9D7EA79}
		{967A147A-7EEA-4A0C-9E47-3193F88A5E07} = {FD7256D4-5254-4857-ADFD-E1E3D9D7EA79}
		{222F052B-8EDE-4FB5-B1CC-86A4F2092D21} = {FD7256D4-5254-4857-ADFD-E1E3D9D7EA79}
		{29D58938-1529-4469-A8D2-06E445035541} = {FD7256D4-5254-4857-ADFD-E1E3D9D7EA79}
		{D5A42012-8860-4EAA-B579-E8D3DFAA87B2} = {FD7256D4-5254-4857-ADFD-E1E3D9D7EA79}
		{88657142-4F13-4569-90A6-402A660F20DF} = {54C977CE-1788-4547-9B15-E4D44FF938E1}
		{C7D2C3DA-92B8-4147-AE25-9D7266370DBB} = {ED4F03A1-F126-4716-B6D5-CC7A74C11A46}
	EndGlobalSection
	GlobalSection(ExtensibilityGlobals) = postSolution
		SolutionGuid = {5E9D42CD-E015-4F6B-A1B3-AD148C80E077}
	EndGlobalSection
EndGlobal
